
Microsoft Visual Studio Solution File, Format Version 12.00
# Visual Studio 15
VisualStudioVersion = 15.0.26430.16
MinimumVisualStudioVersion = 10.0.40219.1
Project("{FAE04EC0-301F-11D3-BF4B-00C04F79EFBC}") = "Uvodni", "ConsoleApp1\Uvodni.csproj", "{31F30331-D9D7-4529-9C4C-B096F2654F21}"
EndProject
Project("{FAE04EC0-301F-11D3-BF4B-00C04F79EFBC}") = "Zbroj", "Zbroj\Zbroj.csproj", "{C72F648D-610F-4C09-90AE-BB2DD90A29D2}"
EndProject
Project("{2150E333-8FDC-42A3-9474-1A3956D46DE8}") = "4.1_Uvod", "4.1_Uvod", "{1CD019B1-6628-4F9D-BE13-AA15FA2AD934}"
EndProject
Project("{FAE04EC0-301F-11D3-BF4B-00C04F79EFBC}") = "Hello", "Hello\Hello.csproj", "{D57B4D9F-C756-4E84-951D-2D56EDE879A7}"
EndProject
Project("{FAE04EC0-301F-11D3-BF4B-00C04F79EFBC}") = "IspisBrojeva", "IspisBrojeva\IspisBrojeva.csproj", "{0CA433EB-B30D-4A93-8401-EC2C8A5BE104}"
EndProject
Project("{2150E333-8FDC-42A3-9474-1A3956D46DE8}") = "5.1_varijable", "5.1_varijable", "{D4D349EF-58D4-4E04-88A2-35FFA5D2EABC}"
EndProject
Project("{FAE04EC0-301F-11D3-BF4B-00C04F79EFBC}") = "zbroj_razlika", "zbroj_razlika\zbroj_razlika.csproj", "{04799DD3-720C-4707-947F-C35FEB76F557}"
EndProject
Project("{2150E333-8FDC-42A3-9474-1A3956D46DE8}") = "5.2_Uvjetno_grananje", "5.2_Uvjetno_grananje", "{19D29F78-F7F0-4D00-8791-9EDF91AE03A6}"
EndProject
Project("{FAE04EC0-301F-11D3-BF4B-00C04F79EFBC}") = "if_primjer", "if_primjer\if_primjer.csproj", "{B115C56C-759C-4FE8-B30A-B5550F650228}"
EndProject
Project("{FAE04EC0-301F-11D3-BF4B-00C04F79EFBC}") = "primjer_5.2.1.2_pozitivan", "primjer_5.2.1.2_pozitivan\primjer_5.2.1.2_pozitivan.csproj", "{FA8A60FB-8C81-4682-8051-5777C41C9AF6}"
EndProject
Project("{FAE04EC0-301F-11D3-BF4B-00C04F79EFBC}") = "primjer_5.2.2.switch", "primjer_5.2.2.switch\primjer_5.2.2.switch.csproj", "{1C42CD6A-A00C-47DC-A9CE-D95B5EEE825F}"
EndProject
Project("{FAE04EC0-301F-11D3-BF4B-00C04F79EFBC}") = "5.2.3.exceptio_primjer", "5.2.3.exceptio_primjer\5.2.3.exceptio_primjer.csproj", "{F452E0A6-FCB3-4519-9F1B-F4E60F7081EB}"
EndProject
Project("{FAE04EC0-301F-11D3-BF4B-00C04F79EFBC}") = "5.2.3.Veliki_broj", "ConsoleApp2\5.2.3.Veliki_broj.csproj", "{E2E95815-D555-4117-A7F4-24A6CAC154C4}"
EndProject
Project("{FAE04EC0-301F-11D3-BF4B-00C04F79EFBC}") = "5.2.4.x_znamenkasti_broj", "ConsoleApp3\5.2.4.x_znamenkasti_broj.csproj", "{15C8E329-FC94-40E2-BF4D-9FF118BC94C0}"
EndProject
Project("{FAE04EC0-301F-11D3-BF4B-00C04F79EFBC}") = "5.2.5.U_intervalu", "ConsoleApp4\5.2.5.U_intervalu.csproj", "{6EFCDDFB-7016-4DCB-84C9-FF45CA36CB42}"
EndProject
Project("{FAE04EC0-301F-11D3-BF4B-00C04F79EFBC}") = "5.2.6.Dobar_broj", "ConsoleApp5\5.2.6.Dobar_broj.csproj", "{546E10B6-2B7D-4FD7-9BAF-29E7BD572E1C}"
EndProject
Project("{FAE04EC0-301F-11D3-BF4B-00C04F79EFBC}") = "5.2.9_paran_neparan_djeljiv_sa_3", "5.2.9_paran_neparan_djeljiv_sa_3\5.2.9_paran_neparan_djeljiv_sa_3.csproj", "{CC10E716-0F75-42B0-A6CA-AC45B6F57758}"
EndProject
Project("{2150E333-8FDC-42A3-9474-1A3956D46DE8}") = "5.3_Cikličke_petlje", "5.3_Cikličke_petlje", "{DB5334AF-D4C2-482A-9D06-DC291B90ADFA}"
EndProject
Project("{FAE04EC0-301F-11D3-BF4B-00C04F79EFBC}") = "petlje_primjeri", "ConsoleApp6\petlje_primjeri.csproj", "{630A4947-834A-4069-98D9-C6750036D1C1}"
EndProject
Project("{FAE04EC0-301F-11D3-BF4B-00C04F79EFBC}") = "5.3.1.1.knjiga", "5.3.1.1.knjiga\5.3.1.1.knjiga.csproj", "{6637A55F-299D-425E-9492-20332CA0A9F2}"
EndProject
Project("{FAE04EC0-301F-11D3-BF4B-00C04F79EFBC}") = "5.3.1.3.knjiga", "5.3.1.3.knjiga\5.3.1.3.knjiga.csproj", "{15B74B8B-54A1-43EC-9020-1522BCAFBADA}"
EndProject
Project("{FAE04EC0-301F-11D3-BF4B-00C04F79EFBC}") = "5.3.1.Neparni_brojevi_do_20", "5.3.1.Neparni_brojevi_do_20\5.3.1.Neparni_brojevi_do_20.csproj", "{20E49C13-ACD3-4E2D-94CE-D3DA127A431D}"
EndProject
Project("{FAE04EC0-301F-11D3-BF4B-00C04F79EFBC}") = "5.3.4.Faktorijel", "5.3.4.Faktorijel\5.3.4.Faktorijel.csproj", "{34F39918-1B56-499B-A58E-C311B12AE9E6}"
EndProject
Project("{FAE04EC0-301F-11D3-BF4B-00C04F79EFBC}") = "5.3.7_zbirka_zadatak", "5.3.5.djeljivi_s_3_uz_exception\5.3.7_zbirka_zadatak.csproj", "{D0A24A8F-C5B3-4C12-8437-60A39AB2E84B}"
EndProject
Project("{FAE04EC0-301F-11D3-BF4B-00C04F79EFBC}") = "5.3.9.Zbirka_zadataka_djelitelji", "5.3.9.Zbirka_zadataka_djelitelji\5.3.9.Zbirka_zadataka_djelitelji.csproj", "{AE2AA663-E4E8-42A4-BAA3-95FD40DDDCC0}"
EndProject
Project("{FAE04EC0-301F-11D3-BF4B-00C04F79EFBC}") = "5.3.11.Zbirka_zadataka_Savršeni_brojevi", "5.3.11.Zbirka_zadataka_Savršeni_brojevi\5.3.11.Zbirka_zadataka_Savršeni_brojevi.csproj", "{AF5093D7-6840-418D-A9F2-462CCE2D09CC}"
EndProject
Project("{2150E333-8FDC-42A3-9474-1A3956D46DE8}") = "6", "6", "{95B950EE-9E5E-48B8-B760-B7EFB7205EBD}"
EndProject
Project("{2150E333-8FDC-42A3-9474-1A3956D46DE8}") = "7_Procedure_metode", "7_Procedure_metode", "{3BB85D8A-23B4-448C-BB92-7BD6377D22B5}"
EndProject
Project("{2150E333-8FDC-42A3-9474-1A3956D46DE8}") = "8_Objekti", "8_Objekti", "{CB4C54A0-4B11-4B03-B7D3-C37559636A2F}"
EndProject
Project("{FAE04EC0-301F-11D3-BF4B-00C04F79EFBC}") = "8.1.2.prirucnik", "8.1.2.prirucnik\8.1.2.prirucnik.csproj", "{A0E7037A-BE59-407D-BA7C-87F25F474AA1}"
EndProject
Project("{FAE04EC0-301F-11D3-BF4B-00C04F79EFBC}") = "8.1.3.Osoba_Enkapsulacija_Prirucnik", "8.1.3.Osoba_Enkapsulacija_Prirucnik\8.1.3.Osoba_Enkapsulacija_Prirucnik.csproj", "{EC257296-C1D8-475D-BD1B-73458C6D752D}"
EndProject
Global
	GlobalSection(SolutionConfigurationPlatforms) = preSolution
		Debug|Any CPU = Debug|Any CPU
		Release|Any CPU = Release|Any CPU
	EndGlobalSection
	GlobalSection(ProjectConfigurationPlatforms) = postSolution
		{31F30331-D9D7-4529-9C4C-B096F2654F21}.Debug|Any CPU.ActiveCfg = Debug|Any CPU
		{31F30331-D9D7-4529-9C4C-B096F2654F21}.Debug|Any CPU.Build.0 = Debug|Any CPU
		{31F30331-D9D7-4529-9C4C-B096F2654F21}.Release|Any CPU.ActiveCfg = Release|Any CPU
		{31F30331-D9D7-4529-9C4C-B096F2654F21}.Release|Any CPU.Build.0 = Release|Any CPU
		{C72F648D-610F-4C09-90AE-BB2DD90A29D2}.Debug|Any CPU.ActiveCfg = Debug|Any CPU
		{C72F648D-610F-4C09-90AE-BB2DD90A29D2}.Debug|Any CPU.Build.0 = Debug|Any CPU
		{C72F648D-610F-4C09-90AE-BB2DD90A29D2}.Release|Any CPU.ActiveCfg = Release|Any CPU
		{C72F648D-610F-4C09-90AE-BB2DD90A29D2}.Release|Any CPU.Build.0 = Release|Any CPU
		{D57B4D9F-C756-4E84-951D-2D56EDE879A7}.Debug|Any CPU.ActiveCfg = Debug|Any CPU
		{D57B4D9F-C756-4E84-951D-2D56EDE879A7}.Debug|Any CPU.Build.0 = Debug|Any CPU
		{D57B4D9F-C756-4E84-951D-2D56EDE879A7}.Release|Any CPU.ActiveCfg = Release|Any CPU
		{D57B4D9F-C756-4E84-951D-2D56EDE879A7}.Release|Any CPU.Build.0 = Release|Any CPU
		{0CA433EB-B30D-4A93-8401-EC2C8A5BE104}.Debug|Any CPU.ActiveCfg = Debug|Any CPU
		{0CA433EB-B30D-4A93-8401-EC2C8A5BE104}.Debug|Any CPU.Build.0 = Debug|Any CPU
		{0CA433EB-B30D-4A93-8401-EC2C8A5BE104}.Release|Any CPU.ActiveCfg = Release|Any CPU
		{0CA433EB-B30D-4A93-8401-EC2C8A5BE104}.Release|Any CPU.Build.0 = Release|Any CPU
		{04799DD3-720C-4707-947F-C35FEB76F557}.Debug|Any CPU.ActiveCfg = Debug|Any CPU
		{04799DD3-720C-4707-947F-C35FEB76F557}.Debug|Any CPU.Build.0 = Debug|Any CPU
		{04799DD3-720C-4707-947F-C35FEB76F557}.Release|Any CPU.ActiveCfg = Release|Any CPU
		{04799DD3-720C-4707-947F-C35FEB76F557}.Release|Any CPU.Build.0 = Release|Any CPU
		{B115C56C-759C-4FE8-B30A-B5550F650228}.Debug|Any CPU.ActiveCfg = Debug|Any CPU
		{B115C56C-759C-4FE8-B30A-B5550F650228}.Debug|Any CPU.Build.0 = Debug|Any CPU
		{B115C56C-759C-4FE8-B30A-B5550F650228}.Release|Any CPU.ActiveCfg = Release|Any CPU
		{B115C56C-759C-4FE8-B30A-B5550F650228}.Release|Any CPU.Build.0 = Release|Any CPU
		{FA8A60FB-8C81-4682-8051-5777C41C9AF6}.Debug|Any CPU.ActiveCfg = Debug|Any CPU
		{FA8A60FB-8C81-4682-8051-5777C41C9AF6}.Debug|Any CPU.Build.0 = Debug|Any CPU
		{FA8A60FB-8C81-4682-8051-5777C41C9AF6}.Release|Any CPU.ActiveCfg = Release|Any CPU
		{FA8A60FB-8C81-4682-8051-5777C41C9AF6}.Release|Any CPU.Build.0 = Release|Any CPU
		{1C42CD6A-A00C-47DC-A9CE-D95B5EEE825F}.Debug|Any CPU.ActiveCfg = Debug|Any CPU
		{1C42CD6A-A00C-47DC-A9CE-D95B5EEE825F}.Debug|Any CPU.Build.0 = Debug|Any CPU
		{1C42CD6A-A00C-47DC-A9CE-D95B5EEE825F}.Release|Any CPU.ActiveCfg = Release|Any CPU
		{1C42CD6A-A00C-47DC-A9CE-D95B5EEE825F}.Release|Any CPU.Build.0 = Release|Any CPU
		{F452E0A6-FCB3-4519-9F1B-F4E60F7081EB}.Debug|Any CPU.ActiveCfg = Debug|Any CPU
		{F452E0A6-FCB3-4519-9F1B-F4E60F7081EB}.Debug|Any CPU.Build.0 = Debug|Any CPU
		{F452E0A6-FCB3-4519-9F1B-F4E60F7081EB}.Release|Any CPU.ActiveCfg = Release|Any CPU
		{F452E0A6-FCB3-4519-9F1B-F4E60F7081EB}.Release|Any CPU.Build.0 = Release|Any CPU
		{E2E95815-D555-4117-A7F4-24A6CAC154C4}.Debug|Any CPU.ActiveCfg = Debug|Any CPU
		{E2E95815-D555-4117-A7F4-24A6CAC154C4}.Debug|Any CPU.Build.0 = Debug|Any CPU
		{E2E95815-D555-4117-A7F4-24A6CAC154C4}.Release|Any CPU.ActiveCfg = Release|Any CPU
		{E2E95815-D555-4117-A7F4-24A6CAC154C4}.Release|Any CPU.Build.0 = Release|Any CPU
		{15C8E329-FC94-40E2-BF4D-9FF118BC94C0}.Debug|Any CPU.ActiveCfg = Debug|Any CPU
		{15C8E329-FC94-40E2-BF4D-9FF118BC94C0}.Debug|Any CPU.Build.0 = Debug|Any CPU
		{15C8E329-FC94-40E2-BF4D-9FF118BC94C0}.Release|Any CPU.ActiveCfg = Release|Any CPU
		{15C8E329-FC94-40E2-BF4D-9FF118BC94C0}.Release|Any CPU.Build.0 = Release|Any CPU
		{6EFCDDFB-7016-4DCB-84C9-FF45CA36CB42}.Debug|Any CPU.ActiveCfg = Debug|Any CPU
		{6EFCDDFB-7016-4DCB-84C9-FF45CA36CB42}.Debug|Any CPU.Build.0 = Debug|Any CPU
		{6EFCDDFB-7016-4DCB-84C9-FF45CA36CB42}.Release|Any CPU.ActiveCfg = Release|Any CPU
		{6EFCDDFB-7016-4DCB-84C9-FF45CA36CB42}.Release|Any CPU.Build.0 = Release|Any CPU
		{546E10B6-2B7D-4FD7-9BAF-29E7BD572E1C}.Debug|Any CPU.ActiveCfg = Debug|Any CPU
		{546E10B6-2B7D-4FD7-9BAF-29E7BD572E1C}.Debug|Any CPU.Build.0 = Debug|Any CPU
		{546E10B6-2B7D-4FD7-9BAF-29E7BD572E1C}.Release|Any CPU.ActiveCfg = Release|Any CPU
		{546E10B6-2B7D-4FD7-9BAF-29E7BD572E1C}.Release|Any CPU.Build.0 = Release|Any CPU
		{CC10E716-0F75-42B0-A6CA-AC45B6F57758}.Debug|Any CPU.ActiveCfg = Debug|Any CPU
		{CC10E716-0F75-42B0-A6CA-AC45B6F57758}.Debug|Any CPU.Build.0 = Debug|Any CPU
		{CC10E716-0F75-42B0-A6CA-AC45B6F57758}.Release|Any CPU.ActiveCfg = Release|Any CPU
		{CC10E716-0F75-42B0-A6CA-AC45B6F57758}.Release|Any CPU.Build.0 = Release|Any CPU
		{630A4947-834A-4069-98D9-C6750036D1C1}.Debug|Any CPU.ActiveCfg = Debug|Any CPU
		{630A4947-834A-4069-98D9-C6750036D1C1}.Debug|Any CPU.Build.0 = Debug|Any CPU
		{630A4947-834A-4069-98D9-C6750036D1C1}.Release|Any CPU.ActiveCfg = Release|Any CPU
		{630A4947-834A-4069-98D9-C6750036D1C1}.Release|Any CPU.Build.0 = Release|Any CPU
		{6637A55F-299D-425E-9492-20332CA0A9F2}.Debug|Any CPU.ActiveCfg = Debug|Any CPU
		{6637A55F-299D-425E-9492-20332CA0A9F2}.Debug|Any CPU.Build.0 = Debug|Any CPU
		{6637A55F-299D-425E-9492-20332CA0A9F2}.Release|Any CPU.ActiveCfg = Release|Any CPU
		{6637A55F-299D-425E-9492-20332CA0A9F2}.Release|Any CPU.Build.0 = Release|Any CPU
		{15B74B8B-54A1-43EC-9020-1522BCAFBADA}.Debug|Any CPU.ActiveCfg = Debug|Any CPU
		{15B74B8B-54A1-43EC-9020-1522BCAFBADA}.Debug|Any CPU.Build.0 = Debug|Any CPU
		{15B74B8B-54A1-43EC-9020-1522BCAFBADA}.Release|Any CPU.ActiveCfg = Release|Any CPU
		{15B74B8B-54A1-43EC-9020-1522BCAFBADA}.Release|Any CPU.Build.0 = Release|Any CPU
		{20E49C13-ACD3-4E2D-94CE-D3DA127A431D}.Debug|Any CPU.ActiveCfg = Debug|Any CPU
		{20E49C13-ACD3-4E2D-94CE-D3DA127A431D}.Debug|Any CPU.Build.0 = Debug|Any CPU
		{20E49C13-ACD3-4E2D-94CE-D3DA127A431D}.Release|Any CPU.ActiveCfg = Release|Any CPU
		{20E49C13-ACD3-4E2D-94CE-D3DA127A431D}.Release|Any CPU.Build.0 = Release|Any CPU
		{34F39918-1B56-499B-A58E-C311B12AE9E6}.Debug|Any CPU.ActiveCfg = Debug|Any CPU
		{34F39918-1B56-499B-A58E-C311B12AE9E6}.Debug|Any CPU.Build.0 = Debug|Any CPU
		{34F39918-1B56-499B-A58E-C311B12AE9E6}.Release|Any CPU.ActiveCfg = Release|Any CPU
		{34F39918-1B56-499B-A58E-C311B12AE9E6}.Release|Any CPU.Build.0 = Release|Any CPU
		{D0A24A8F-C5B3-4C12-8437-60A39AB2E84B}.Debug|Any CPU.ActiveCfg = Debug|Any CPU
		{D0A24A8F-C5B3-4C12-8437-60A39AB2E84B}.Debug|Any CPU.Build.0 = Debug|Any CPU
		{D0A24A8F-C5B3-4C12-8437-60A39AB2E84B}.Release|Any CPU.ActiveCfg = Release|Any CPU
		{D0A24A8F-C5B3-4C12-8437-60A39AB2E84B}.Release|Any CPU.Build.0 = Release|Any CPU
		{AE2AA663-E4E8-42A4-BAA3-95FD40DDDCC0}.Debug|Any CPU.ActiveCfg = Debug|Any CPU
		{AE2AA663-E4E8-42A4-BAA3-95FD40DDDCC0}.Debug|Any CPU.Build.0 = Debug|Any CPU
		{AE2AA663-E4E8-42A4-BAA3-95FD40DDDCC0}.Release|Any CPU.ActiveCfg = Release|Any CPU
		{AE2AA663-E4E8-42A4-BAA3-95FD40DDDCC0}.Release|Any CPU.Build.0 = Release|Any CPU
		{AF5093D7-6840-418D-A9F2-462CCE2D09CC}.Debug|Any CPU.ActiveCfg = Debug|Any CPU
		{AF5093D7-6840-418D-A9F2-462CCE2D09CC}.Debug|Any CPU.Build.0 = Debug|Any CPU
		{AF5093D7-6840-418D-A9F2-462CCE2D09CC}.Release|Any CPU.ActiveCfg = Release|Any CPU
		{AF5093D7-6840-418D-A9F2-462CCE2D09CC}.Release|Any CPU.Build.0 = Release|Any CPU
		{A0E7037A-BE59-407D-BA7C-87F25F474AA1}.Debug|Any CPU.ActiveCfg = Debug|Any CPU
		{A0E7037A-BE59-407D-BA7C-87F25F474AA1}.Debug|Any CPU.Build.0 = Debug|Any CPU
		{A0E7037A-BE59-407D-BA7C-87F25F474AA1}.Release|Any CPU.ActiveCfg = Release|Any CPU
		{A0E7037A-BE59-407D-BA7C-87F25F474AA1}.Release|Any CPU.Build.0 = Release|Any CPU
		{EC257296-C1D8-475D-BD1B-73458C6D752D}.Debug|Any CPU.ActiveCfg = Debug|Any CPU
		{EC257296-C1D8-475D-BD1B-73458C6D752D}.Debug|Any CPU.Build.0 = Debug|Any CPU
		{EC257296-C1D8-475D-BD1B-73458C6D752D}.Release|Any CPU.ActiveCfg = Release|Any CPU
		{EC257296-C1D8-475D-BD1B-73458C6D752D}.Release|Any CPU.Build.0 = Release|Any CPU
	EndGlobalSection
	GlobalSection(SolutionProperties) = preSolution
		HideSolutionNode = FALSE
	EndGlobalSection
	GlobalSection(NestedProjects) = preSolution
		{D57B4D9F-C756-4E84-951D-2D56EDE879A7} = {1CD019B1-6628-4F9D-BE13-AA15FA2AD934}
		{0CA433EB-B30D-4A93-8401-EC2C8A5BE104} = {1CD019B1-6628-4F9D-BE13-AA15FA2AD934}
		{04799DD3-720C-4707-947F-C35FEB76F557} = {D4D349EF-58D4-4E04-88A2-35FFA5D2EABC}
		{B115C56C-759C-4FE8-B30A-B5550F650228} = {19D29F78-F7F0-4D00-8791-9EDF91AE03A6}
		{FA8A60FB-8C81-4682-8051-5777C41C9AF6} = {19D29F78-F7F0-4D00-8791-9EDF91AE03A6}
		{1C42CD6A-A00C-47DC-A9CE-D95B5EEE825F} = {19D29F78-F7F0-4D00-8791-9EDF91AE03A6}
		{F452E0A6-FCB3-4519-9F1B-F4E60F7081EB} = {19D29F78-F7F0-4D00-8791-9EDF91AE03A6}
		{15C8E329-FC94-40E2-BF4D-9FF118BC94C0} = {19D29F78-F7F0-4D00-8791-9EDF91AE03A6}
		{6EFCDDFB-7016-4DCB-84C9-FF45CA36CB42} = {19D29F78-F7F0-4D00-8791-9EDF91AE03A6}
		{546E10B6-2B7D-4FD7-9BAF-29E7BD572E1C} = {19D29F78-F7F0-4D00-8791-9EDF91AE03A6}
		{CC10E716-0F75-42B0-A6CA-AC45B6F57758} = {19D29F78-F7F0-4D00-8791-9EDF91AE03A6}
		{630A4947-834A-4069-98D9-C6750036D1C1} = {DB5334AF-D4C2-482A-9D06-DC291B90ADFA}
		{6637A55F-299D-425E-9492-20332CA0A9F2} = {DB5334AF-D4C2-482A-9D06-DC291B90ADFA}
		{15B74B8B-54A1-43EC-9020-1522BCAFBADA} = {DB5334AF-D4C2-482A-9D06-DC291B90ADFA}
		{20E49C13-ACD3-4E2D-94CE-D3DA127A431D} = {DB5334AF-D4C2-482A-9D06-DC291B90ADFA}
		{34F39918-1B56-499B-A58E-C311B12AE9E6} = {DB5334AF-D4C2-482A-9D06-DC291B90ADFA}
		{D0A24A8F-C5B3-4C12-8437-60A39AB2E84B} = {DB5334AF-D4C2-482A-9D06-DC291B90ADFA}
		{AE2AA663-E4E8-42A4-BAA3-95FD40DDDCC0} = {DB5334AF-D4C2-482A-9D06-DC291B90ADFA}
		{AF5093D7-6840-418D-A9F2-462CCE2D09CC} = {DB5334AF-D4C2-482A-9D06-DC291B90ADFA}
		{A0E7037A-BE59-407D-BA7C-87F25F474AA1} = {CB4C54A0-4B11-4B03-B7D3-C37559636A2F}
		{EC257296-C1D8-475D-BD1B-73458C6D752D} = {CB4C54A0-4B11-4B03-B7D3-C37559636A2F}
	EndGlobalSection
	GlobalSection(ExtensibilityGlobals) = postSolution
		SolutionGuid = {75EC4551-BDDA-44DC-B093-1C3F4BA400C8}
	EndGlobalSection
EndGlobal
